[[package]]
name = "asgiref"
version = "3.5.2"
description = "ASGI specs, helper code, and adapters"
category = "main"
optional = false
python-versions = ">=3.7"

[package.extras]
tests = ["pytest", "pytest-asyncio", "mypy (>=0.800)"]

[[package]]
name = "django"
version = "4.0.5"
description = "A high-level Python web framework that encourages rapid development and clean, pragmatic design."
category = "main"
optional = false
python-versions = ">=3.8"

[package.dependencies]
asgiref = ">=3.4.1,<4"
sqlparse = ">=0.2.2"
tzdata = {version = "*", markers = "sys_platform == \"win32\""}

[package.extras]
argon2 = ["argon2-cffi (>=19.1.0)"]
bcrypt = ["bcrypt"]

[[package]]
name = "django-browser-reload"
version = "1.6.0"
description = "Automatically reload your browser in development."
category = "main"
optional = false
python-versions = ">=3.7"

[package.dependencies]
Django = ">=3.2"

[[package]]
name = "django-tailwind"
version = "3.3.0"
description = "Tailwind CSS Framework for Django projects"
category = "main"
optional = false
python-versions = ">=3.8,<4.0"

[package.dependencies]
django = ">=2.2.28"
django-browser-reload = ">=1.6.0,<2.0.0"

[[package]]
name = "django-widget-tweaks"
version = "1.4.12"
description = "Tweak the form field rendering in templates, not in python-level form definitions."
category = "main"
optional = false
python-versions = ">=3.7"

[[package]]
name = "sqlparse"
version = "0.4.2"
description = "A non-validating SQL parser."
category = "main"
optional = false
python-versions = ">=3.5"

[[package]]
name = "tzdata"
version = "2022.1"
description = "Provider of IANA time zone data"
category = "main"
optional = false
python-versions = ">=2"

[metadata]
lock-version = "1.1"
python-versions = "^3.9"
content-hash = "e6bd82c6b882d85df1e1b029ff42676e32017ce25d20917fa68e44daa5a6c7f3"

[metadata.files]
asgiref = [
    {file = "asgiref-3.5.2-py3-none-any.whl", hash = "sha256:1d2880b792ae8757289136f1db2b7b99100ce959b2aa57fd69dab783d05afac4"},
    {file = "asgiref-3.5.2.tar.gz", hash = "sha256:4a29362a6acebe09bf1d6640db38c1dc3d9217c68e6f9f6204d72667fc19a424"},
]
django = [
    {file = "Django-4.0.5-py3-none-any.whl", hash = "sha256:502ae42b6ab1b612c933fb50d5ff850facf858a4c212f76946ecd8ea5b3bf2d9"},
    {file = "Django-4.0.5.tar.gz", hash = "sha256:f7431a5de7277966f3785557c3928433347d998c1e6459324501378a291e5aab"},
]
django-browser-reload = [
    {file = "django-browser-reload-1.6.0.tar.gz", hash = "sha256:9ca69c71796f53868bdc7421f120d147f7a64faa0d5d8c06970ba3f8061af63c"},
    {file = "django_browser_reload-1.6.0-py3-none-any.whl", hash = "sha256:31b8b2d51e8faa5878f21e6b60b8f43e1123907c6e082e9e967962ba63958829"},
]
django-tailwind = [
    {file = "django-tailwind-3.3.0.tar.gz", hash = "sha256:51e67e3d8a9597b8b4dbbd82f8f3336ffc8e2e20bf5ef1bfa49dc832ae2248be"},
    {file = "django_tailwind-3.3.0-py3-none-any.whl", hash = "sha256:3e80b7d2187dabc082f7bb08fb983f412cce0c120080a05cde060b1cb461bb16"},
]
django-widget-tweaks = [
    {file = "django-widget-tweaks-1.4.12.tar.gz", hash = "sha256:9bfc5c705684754a83cc81da328b39ad1b80f32bd0f4340e2a810cbab4b0c00e"},
    {file = "django_widget_tweaks-1.4.12-py3-none-any.whl", hash = "sha256:fe6b17d5d595c63331f300917980db2afcf71f240ab9341b954aea8f45d25b9a"},
]
sqlparse = [
    {file = "sqlparse-0.4.2-py3-none-any.whl", hash = "sha256:48719e356bb8b42991bdbb1e8b83223757b93789c00910a616a071910ca4a64d"},
    {file = "sqlparse-0.4.2.tar.gz", hash = "sha256:0c00730c74263a94e5a9919ade150dfc3b19c574389985446148402998287dae"},
]
tzdata = [
    {file = "tzdata-2022.1-py2.py3-none-any.whl", hash = "sha256:238e70234214138ed7b4e8a0fab0e5e13872edab3be586ab8198c407620e2ab9"},
    {file = "tzdata-2022.1.tar.gz", hash = "sha256:8b536a8ec63dc0751342b3984193a3118f8fca2afe25752bb9b7fffd398552d3"},
]
